<?xml version="1.0" encoding="utf-8"?>
<Project ToolsVersion="4.0" xmlns="http://schemas.microsoft.com/developer/msbuild/2003">
  <ItemGroup>
    <Filter Include="Engine">
      <UniqueIdentifier>{34c8f975-1807-4eb9-b554-74192c9be72d}</UniqueIdentifier>
    </Filter>
  </ItemGroup>
  <ItemGroup>
    <ClCompile Include="engine\main.cpp">
      <Filter>Engine</Filter>
    </ClCompile>
    <ClCompile Include="engine\BaseEngine.cpp" />
    <ClCompile Include="engine\StateMachine.cpp" />
    <ClCompile Include="engine\AssetManager.cpp" />
    <ClCompile Include="engine\States\MainState.cpp" />
    <ClCompile Include="engine\States\MainState.h" />
    <ClCompile Include="engine\States\PauseState.cpp" />
  </ItemGroup>
  <ItemGroup>
    <ClInclude Include="engine\BaseEngine.h" />
    <ClInclude Include="engine\StateMachine.h" />
    <ClInclude Include="engine\State.h" />
    <ClInclude Include="engine\Macro.h" />
    <ClInclude Include="engine\AssetManager.h" />
    <ClInclude Include="engine\States\PauseState.h" />
    <ClInclude Include="engine\BaseData\ArcheType.h" />
    <ClInclude Include="engine\BaseData\ComponentType.h" />
  </ItemGroup>
</Project>